<?xml version="1.0" encoding="utf-8"?>
<Project ToolsVersion="4.0" xmlns="http://schemas.microsoft.com/developer/msbuild/2003">
  <ItemGroup>
    <Filter Include="Source Files">
      <UniqueIdentifier>{4FC737F1-C7A5-4376-A066-2A32D752A2FF}</UniqueIdentifier>
      <Extensions>cpp;c;cc;cxx;c++;cppm;ixx;def;odl;idl;hpj;bat;asm;asmx</Extensions>
    </Filter>
    <Filter Include="Header Files">
      <UniqueIdentifier>{93995380-89BD-4b04-88EB-625FBE52EBFB}</UniqueIdentifier>
      <Extensions>h;hh;hpp;hxx;h++;hm;inl;inc;ipp;xsd</Extensions>
    </Filter>
    <Filter Include="Resource Files">
      <UniqueIdentifier>{67DA6AB6-F800-4c08-8B7A-83BB121AAD01}</UniqueIdentifier>
      <Extensions>rc;ico;cur;bmp;dlg;rc2;rct;bin;rgs;gif;jpg;jpeg;jpe;resx;tiff;tif;png;wav;mfcribbon-ms</Extensions>
    </Filter>
    <Filter Include="Resource Files\Shaders">
      <UniqueIdentifier>{32b60040-ad34-484f-824a-ee30e04617cf}</UniqueIdentifier>
    </Filter>
    <Filter Include="Resource Files\Materials">
      <UniqueIdentifier>{9a1d18e6-8911-410f-9e2c-4222e4287d3c}</UniqueIdentifier>
    </Filter>
    <Filter Include="Resource Files\scenes">
      <UniqueIdentifier>{11375025-44ca-4127-a625-caea8b196cfb}</UniqueIdentifier>
    </Filter>
  </ItemGroup>
  <ItemGroup>
    <ClCompile Include="Main.cpp">
      <Filter>Source Files</Filter>
    </ClCompile>
    <ClCompile Include="..\ThirdParty\glad\src\glad.c">
      <Filter>Source Files</Filter>
    </ClCompile>
  </ItemGroup>
  <ItemGroup>
    <None Include="..\Build\resources\shaders\basic.frag">
      <Filter>Resource Files\Shaders</Filter>
    </None>
    <None Include="..\Build\resources\shaders\basic.vert">
      <Filter>Resource Files\Shaders</Filter>
    </None>
    <None Include="..\Build\resources\shaders\light.frag">
      <Filter>Resource Files\Shaders</Filter>
    </None>
    <None Include="..\Build\resources\shaders\light.vert">
      <Filter>Resource Files\Shaders</Filter>
    </None>
    <None Include="..\Build\resources\materials\spot.mtl">
      <Filter>Resource Files\Materials</Filter>
    </None>
    <None Include="..\Build\resources\materials\wood.mtl">
      <Filter>Resource Files\Materials</Filter>
    </None>
    <None Include="..\Build\resources\shaders\flat.frag">
      <Filter>Resource Files\Shaders</Filter>
    </None>
    <None Include="..\Build\resources\shaders\flat.shdr">
      <Filter>Resource Files\Shaders</Filter>
    </None>
    <None Include="..\Build\resources\shaders\flat.vert">
      <Filter>Resource Files\Shaders</Filter>
    </None>
    <None Include="..\Build\resources\shaders\light.shdr">
      <Filter>Resource Files\Shaders</Filter>
    </None>
    <None Include="..\Build\resources\shaders\phong.frag">
      <Filter>Resource Files\Shaders</Filter>
    </None>
    <None Include="..\Build\resources\shaders\phong.shdr">
      <Filter>Resource Files\Shaders</Filter>
    </None>
    <None Include="..\Build\resources\shaders\phong.vert">
      <Filter>Resource Files\Shaders</Filter>
    </None>
    <None Include="..\Build\resources\scenes\main.scn">
      <Filter>Resource Files\scenes</Filter>
    </None>
    <None Include="..\Build\resources\shaders\phong_normal.frag">
      <Filter>Resource Files\Shaders</Filter>
    </None>
    <None Include="..\Build\resources\shaders\phong_normal.shdr">
      <Filter>Resource Files\Shaders</Filter>
    </None>
    <None Include="..\Build\resources\shaders\phong_normal.vert">
      <Filter>Resource Files\Shaders</Filter>
    </None>
    <None Include="..\Build\resources\materials\bricks.mtl">
      <Filter>Resource Files\Materials</Filter>
    </None>
  </ItemGroup>
</Project>